{
  "originHash" : "0987baf9c5b53ccc9b1d47f65716a8957cc5b2e7c55db952470e3dfd9e0fab61",
  "pins" : [
    {
      "identity" : "tempuskit",
      "kind" : "remoteSourceControl",
      "location" : "https://github.com/lawndart0381/TempusKit",
      "state" : {
        "branch" : "main",
        "revision" : "6897b67a9e2728ab9d1cb778cfe8717049bf75d8"
      }
    }
  ],
  "version" : 3
}
