{
  "originHash" : "0987baf9c5b53ccc9b1d47f65716a8957cc5b2e7c55db952470e3dfd9e0fab61",
  "pins" : [
    {
      "identity" : "tempuskit",
      "kind" : "remoteSourceControl",
      "location" : "https://github.com/lawndart0381/TempusKit",
      "state" : {
        "branch" : "main",
        "revision" : "6b9ecb93f64097fc00e820b20bc4f741bca792f1"
      }
    }
  ],
  "version" : 3
}
